{
  "name": "hexagon-finance-farm",
  "version": "1.0.0",
  "lockfileVersion": 1,
  "requires": true,
  "dependencies": {
    "@boringcrypto/boring-solidity": {
      "version": "github:boringcrypto/BoringSolidity#e06e943e7e8a168ed0395ef663a17fd71a6949a2",
      "from": "github:boringcrypto/BoringSolidity#e06e943",
      "dev": true
    }
  }
}
